# THIS IS AN AUTOGENERATED FILE. DO NOT EDIT THIS FILE DIRECTLY.
# yarn lockfile v1


"@cloudflare/workers-types@^3.2.0":
  version "3.2.0"
  resolved "https://registry.yarnpkg.com/@cloudflare/workers-types/-/workers-types-3.2.0.tgz#df300466f5f8a03b205bdd533990017b0538496e"
  integrity sha512-y0+f7QeB5/fMMdU0wSwvBB18yE9kAD2s7Wben8a4uI4f/EJyE+eJrai5QO52Pq8EmWP0vRpKqZh0qU857WhY2A==

prettier@^2.1.2:
  version "2.4.1"
  resolved "https://registry.yarnpkg.com/prettier/-/prettier-2.4.1.tgz#671e11c89c14a4cfc876ce564106c4a6726c9f5c"
  integrity sha512-9fbDAXSBcc6Bs1mZrDYb3XKzDLm4EXXL9sC1LqKP5rZkT6KRr/rf9amVUcODVXgguK/isJz0d0hP72WeaKWsvA==

typescript@^4.0.3:
  version "4.5.4"
  resolved "https://registry.yarnpkg.com/typescript/-/typescript-4.5.4.tgz#a17d3a0263bf5c8723b9c52f43c5084edf13c2e8"
  integrity sha512-VgYs2A2QIRuGphtzFV7aQJduJ2gyfTljngLzjpfW9FoYZF6xuw1W0vW9ghCKLfcWrCFxK81CSGRAvS1pn4fIUg==
