# THIS IS AN AUTOGENERATED FILE. DO NOT EDIT THIS FILE DIRECTLY.
# yarn lockfile v1


"@cloudflare/workers-types@^2.0.0":
  version "2.2.1"
  resolved "https://registry.yarnpkg.com/@cloudflare/workers-types/-/workers-types-2.2.1.tgz#a4fd7eda69e54769a5e4fa31b44947e1fe50d323"
  integrity sha512-gxI3CytBWzdtvQ7tu3I1biYN6QU18OInYKfOL5Twlbs4dRTx4ib5/2FrzwYaPFFfCg5ocy38aG1A/69satjXBQ==

prettier@^2.1.2:
  version "2.3.2"
  resolved "https://registry.yarnpkg.com/prettier/-/prettier-2.3.2.tgz#ef280a05ec253712e486233db5c6f23441e7342d"
  integrity sha512-lnJzDfJ66zkMy58OL5/NY5zp70S7Nz6KqcKkXYzn2tMVrNxvbqaBpg7H3qHaLxCJ5lNMsGuM8+ohS7cZrthdLQ==

typescript@^4.0.3:
  version "4.2.4"
  resolved "https://registry.yarnpkg.com/typescript/-/typescript-4.2.4.tgz#8610b59747de028fda898a8aef0e103f156d0961"
  integrity sha512-V+evlYHZnQkaz8TRBuxTA92yZBPotr5H+WhQ7bD3hZUndx5tGOa1fuCgeSjxAzM1RiN5IzvadIXTVefuuwZCRg==
